
Microsoft Visual Studio Solution File, Format Version 12.00
# Visual Studio Version 16
VisualStudioVersion = 16.0.29009.5
MinimumVisualStudioVersion = 10.0.40219.1
Project("{FAE04EC0-301F-11D3-BF4B-00C04F79EFBC}") = "LeetCode", "LeetCode\LeetCode.csproj", "{C7A97DF5-4572-4B0F-B1CB-3BF2E561D663}"
EndProject
Project("{FAE04EC0-301F-11D3-BF4B-00C04F79EFBC}") = "Solutions", "Solutions\Solutions.csproj", "{1DF82CF7-B3F7-40F0-9ACF-D01FFB7F91B2}"
EndProject
Global
	GlobalSection(SolutionConfigurationPlatforms) = preSolution
		Debug|Any CPU = Debug|Any CPU
		Release|Any CPU = Release|Any CPU
	EndGlobalSection
	GlobalSection(ProjectConfigurationPlatforms) = postSolution
		{C7A97DF5-4572-4B0F-B1CB-3BF2E561D663}.Debug|Any CPU.ActiveCfg = Debug|Any CPU
		{C7A97DF5-4572-4B0F-B1CB-3BF2E561D663}.Debug|Any CPU.Build.0 = Debug|Any CPU
		{C7A97DF5-4572-4B0F-B1CB-3BF2E561D663}.Release|Any CPU.ActiveCfg = Release|Any CPU
		{C7A97DF5-4572-4B0F-B1CB-3BF2E561D663}.Release|Any CPU.Build.0 = Release|Any CPU
		{1DF82CF7-B3F7-40F0-9ACF-D01FFB7F91B2}.Debug|Any CPU.ActiveCfg = Debug|Any CPU
		{1DF82CF7-B3F7-40F0-9ACF-D01FFB7F91B2}.Debug|Any CPU.Build.0 = Debug|Any CPU
		{1DF82CF7-B3F7-40F0-9ACF-D01FFB7F91B2}.Release|Any CPU.ActiveCfg = Release|Any CPU
		{1DF82CF7-B3F7-40F0-9ACF-D01FFB7F91B2}.Release|Any CPU.Build.0 = Release|Any CPU
	EndGlobalSection
	GlobalSection(SolutionProperties) = preSolution
		HideSolutionNode = FALSE
	EndGlobalSection
	GlobalSection(ExtensibilityGlobals) = postSolution
		SolutionGuid = {E7C3588C-4B2E-433E-A3D6-94DC6EA2BA2C}
	EndGlobalSection
EndGlobal
